// !$*UTF8*$!
{
	archiveVersion = 1;
	classes = {
	};
	objectVersion = 55;
	objects = {

/* Begin PBXBuildFile section */
		C50249F12704A99C0096EC11 /* AppDelegate.swift in Sources */ = {isa = PBXBuildFile; fileRef = C50249F02704A99C0096EC11 /* AppDelegate.swift */; };
		C50249FA2704A9A00096EC11 /* Assets.xcassets in Resources */ = {isa = PBXBuildFile; fileRef = C50249F92704A9A00096EC11 /* Assets.xcassets */; };
		C50249FD2704A9A00096EC11 /* LaunchScreen.storyboard in Resources */ = {isa = PBXBuildFile; fileRef = C50249FB2704A9A00096EC11 /* LaunchScreen.storyboard */; };
		C5024A072704AAA70096EC11 /* WrapperProtocol.swift in Sources */ = {isa = PBXBuildFile; fileRef = C5024A062704AAA70096EC11 /* WrapperProtocol.swift */; };
		C5024A092704B1B30096EC11 /* MutableWrapperProtocol.swift in Sources */ = {isa = PBXBuildFile; fileRef = C5024A082704B1B30096EC11 /* MutableWrapperProtocol.swift */; };
		C5024A0B2704B3680096EC11 /* StringWrapper.swift in Sources */ = {isa = PBXBuildFile; fileRef = C5024A0A2704B3680096EC11 /* StringWrapper.swift */; };
		C5024A0D2704B37D0096EC11 /* MutableStringWrapper.swift in Sources */ = {isa = PBXBuildFile; fileRef = C5024A0C2704B37D0096EC11 /* MutableStringWrapper.swift */; };
		C5024A0F2704B42F0096EC11 /* AnyWrapper.swift in Sources */ = {isa = PBXBuildFile; fileRef = C5024A0E2704B42F0096EC11 /* AnyWrapper.swift */; };
		C579750E27061561008A0D8A /* AnotherStringWrapper.swift in Sources */ = {isa = PBXBuildFile; fileRef = C579750D27061561008A0D8A /* AnotherStringWrapper.swift */; };
		C579751127061A4C008A0D8A /* AnotherMutableStringWrapper.swift in Sources */ = {isa = PBXBuildFile; fileRef = C579751027061A4C008A0D8A /* AnotherMutableStringWrapper.swift */; };
		C579C38A2704F4B800A2341D /* AnyMutableWrapper.swift in Sources */ = {isa = PBXBuildFile; fileRef = C579C3892704F4B800A2341D /* AnyMutableWrapper.swift */; };
		C579C38C2705020400A2341D /* ContrivedUsageExample.swift in Sources */ = {isa = PBXBuildFile; fileRef = C579C38B2705020400A2341D /* ContrivedUsageExample.swift */; };
		C579C38F27050C8D00A2341D /* LICENSE in Resources */ = {isa = PBXBuildFile; fileRef = C579C38E27050C8D00A2341D /* LICENSE */; };
/* End PBXBuildFile section */

/* Begin PBXFileReference section */
		C50249ED2704A99C0096EC11 /* TypeErasurePatterns.app */ = {isa = PBXFileReference; explicitFileType = wrapper.application; includeInIndex = 0; path = TypeErasurePatterns.app; sourceTree = BUILT_PRODUCTS_DIR; };
		C50249F02704A99C0096EC11 /* AppDelegate.swift */ = {isa = PBXFileReference; lastKnownFileType = sourcecode.swift; path = AppDelegate.swift; sourceTree = "<group>"; };
		C50249F92704A9A00096EC11 /* Assets.xcassets */ = {isa = PBXFileReference; lastKnownFileType = folder.assetcatalog; path = Assets.xcassets; sourceTree = "<group>"; };
		C50249FC2704A9A00096EC11 /* Base */ = {isa = PBXFileReference; lastKnownFileType = file.storyboard; name = Base; path = Base.lproj/LaunchScreen.storyboard; sourceTree = "<group>"; };
		C50249FE2704A9A00096EC11 /* Info.plist */ = {isa = PBXFileReference; lastKnownFileType = text.plist.xml; path = Info.plist; sourceTree = "<group>"; };
		C5024A062704AAA70096EC11 /* WrapperProtocol.swift */ = {isa = PBXFileReference; lastKnownFileType = sourcecode.swift; path = WrapperProtocol.swift; sourceTree = "<group>"; };
		C5024A082704B1B30096EC11 /* MutableWrapperProtocol.swift */ = {isa = PBXFileReference; lastKnownFileType = sourcecode.swift; path = MutableWrapperProtocol.swift; sourceTree = "<group>"; };
		C5024A0A2704B3680096EC11 /* StringWrapper.swift */ = {isa = PBXFileReference; lastKnownFileType = sourcecode.swift; path = StringWrapper.swift; sourceTree = "<group>"; };
		C5024A0C2704B37D0096EC11 /* MutableStringWrapper.swift */ = {isa = PBXFileReference; lastKnownFileType = sourcecode.swift; path = MutableStringWrapper.swift; sourceTree = "<group>"; };
		C5024A0E2704B42F0096EC11 /* AnyWrapper.swift */ = {isa = PBXFileReference; lastKnownFileType = sourcecode.swift; path = AnyWrapper.swift; sourceTree = "<group>"; };
		C579750D27061561008A0D8A /* AnotherStringWrapper.swift */ = {isa = PBXFileReference; lastKnownFileType = sourcecode.swift; path = AnotherStringWrapper.swift; sourceTree = "<group>"; };
		C579751027061A4C008A0D8A /* AnotherMutableStringWrapper.swift */ = {isa = PBXFileReference; lastKnownFileType = sourcecode.swift; path = AnotherMutableStringWrapper.swift; sourceTree = "<group>"; };
		C579C3892704F4B800A2341D /* AnyMutableWrapper.swift */ = {isa = PBXFileReference; lastKnownFileType = sourcecode.swift; path = AnyMutableWrapper.swift; sourceTree = "<group>"; };
		C579C38B2705020400A2341D /* ContrivedUsageExample.swift */ = {isa = PBXFileReference; lastKnownFileType = sourcecode.swift; path = ContrivedUsageExample.swift; sourceTree = "<group>"; };
		C579C38E27050C8D00A2341D /* LICENSE */ = {isa = PBXFileReference; lastKnownFileType = text; path = LICENSE; sourceTree = "<group>"; };
		C579C39027050C9B00A2341D /* README.md */ = {isa = PBXFileReference; lastKnownFileType = net.daringfireball.markdown; path = README.md; sourceTree = "<group>"; };
/* End PBXFileReference section */

/* Begin PBXFrameworksBuildPhase section */
		C50249EA2704A99C0096EC11 /* Frameworks */ = {
			isa = PBXFrameworksBuildPhase;
			buildActionMask = 2147483647;
			files = (
			);
			runOnlyForDeploymentPostprocessing = 0;
		};
/* End PBXFrameworksBuildPhase section */

/* Begin PBXGroup section */
		C50249E42704A99B0096EC11 = {
			isa = PBXGroup;
			children = (
				C579C39027050C9B00A2341D /* README.md */,
				C579C38E27050C8D00A2341D /* LICENSE */,
				C50249EF2704A99C0096EC11 /* Sources */,
				C50249EE2704A99C0096EC11 /* Products */,
			);
			sourceTree = "<group>";
		};
		C50249EE2704A99C0096EC11 /* Products */ = {
			isa = PBXGroup;
			children = (
				C50249ED2704A99C0096EC11 /* TypeErasurePatterns.app */,
			);
			name = Products;
			sourceTree = "<group>";
		};
		C50249EF2704A99C0096EC11 /* Sources */ = {
			isa = PBXGroup;
			children = (
				C5024A112704B6400096EC11 /* Protocols */,
				C5024A102704B6210096EC11 /* Concrete Types */,
				C5024A052704AA620096EC11 /* Type Erasure */,
				C5024A042704A9C70096EC11 /* App */,
				C50249FE2704A9A00096EC11 /* Info.plist */,
			);
			path = Sources;
			sourceTree = "<group>";
		};
		C5024A042704A9C70096EC11 /* App */ = {
			isa = PBXGroup;
			children = (
				C50249F02704A99C0096EC11 /* AppDelegate.swift */,
				C50249F92704A9A00096EC11 /* Assets.xcassets */,
				C50249FB2704A9A00096EC11 /* LaunchScreen.storyboard */,
			);
			path = App;
			sourceTree = "<group>";
		};
		C5024A052704AA620096EC11 /* Type Erasure */ = {
			isa = PBXGroup;
			children = (
				C5024A0E2704B42F0096EC11 /* AnyWrapper.swift */,
				C579C3892704F4B800A2341D /* AnyMutableWrapper.swift */,
				C579C38B2705020400A2341D /* ContrivedUsageExample.swift */,
			);
			path = "Type Erasure";
			sourceTree = "<group>";
		};
		C5024A102704B6210096EC11 /* Concrete Types */ = {
			isa = PBXGroup;
			children = (
				C5024A0A2704B3680096EC11 /* StringWrapper.swift */,
				C579750D27061561008A0D8A /* AnotherStringWrapper.swift */,
				C5024A0C2704B37D0096EC11 /* MutableStringWrapper.swift */,
				C579751027061A4C008A0D8A /* AnotherMutableStringWrapper.swift */,
			);
			path = "Concrete Types";
			sourceTree = "<group>";
		};
		C5024A112704B6400096EC11 /* Protocols */ = {
			isa = PBXGroup;
			children = (
				C5024A062704AAA70096EC11 /* WrapperProtocol.swift */,
				C5024A082704B1B30096EC11 /* MutableWrapperProtocol.swift */,
			);
			path = Protocols;
			sourceTree = "<group>";
		};
/* End PBXGroup section */

/* Begin PBXNativeTarget section */
		C50249EC2704A99C0096EC11 /* TypeErasurePatterns */ = {
			isa = PBXNativeTarget;
			buildConfigurationList = C5024A012704A9A00096EC11 /* Build configuration list for PBXNativeTarget "TypeErasurePatterns" */;
			buildPhases = (
				C50249E92704A99C0096EC11 /* Sources */,
				C50249EA2704A99C0096EC11 /* Frameworks */,
				C50249EB2704A99C0096EC11 /* Resources */,
			);
			buildRules = (
			);
			dependencies = (
			);
			name = TypeErasurePatterns;
			productName = TypeErasurePatterns;
			productReference = C50249ED2704A99C0096EC11 /* TypeErasurePatterns.app */;
			productType = "com.apple.product-type.application";
		};
/* End PBXNativeTarget section */

/* Begin PBXProject section */
		C50249E52704A99B0096EC11 /* Project object */ = {
			isa = PBXProject;
			attributes = {
				BuildIndependentTargetsInParallel = 1;
				LastSwiftUpdateCheck = 1300;
				LastUpgradeCheck = 1300;
				TargetAttributes = {
					C50249EC2704A99C0096EC11 = {
						CreatedOnToolsVersion = 13.0;
					};
				};
			};
			buildConfigurationList = C50249E82704A99B0096EC11 /* Build configuration list for PBXProject "TypeErasurePatterns" */;
			compatibilityVersion = "Xcode 13.0";
			developmentRegion = en;
			hasScannedForEncodings = 0;
			knownRegions = (
				en,
				Base,
			);
			mainGroup = C50249E42704A99B0096EC11;
			productRefGroup = C50249EE2704A99C0096EC11 /* Products */;
			projectDirPath = "";
			projectRoot = "";
			targets = (
				C50249EC2704A99C0096EC11 /* TypeErasurePatterns */,
			);
		};
/* End PBXProject section */

/* Begin PBXResourcesBuildPhase section */
		C50249EB2704A99C0096EC11 /* Resources */ = {
			isa = PBXResourcesBuildPhase;
			buildActionMask = 2147483647;
			files = (
				C579C38F27050C8D00A2341D /* LICENSE in Resources */,
				C50249FD2704A9A00096EC11 /* LaunchScreen.storyboard in Resources */,
				C50249FA2704A9A00096EC11 /* Assets.xcassets in Resources */,
			);
			runOnlyForDeploymentPostprocessing = 0;
		};
/* End PBXResourcesBuildPhase section */

/* Begin PBXSourcesBuildPhase section */
		C50249E92704A99C0096EC11 /* Sources */ = {
			isa = PBXSourcesBuildPhase;
			buildActionMask = 2147483647;
			files = (
				C5024A0B2704B3680096EC11 /* StringWrapper.swift in Sources */,
				C5024A092704B1B30096EC11 /* MutableWrapperProtocol.swift in Sources */,
				C5024A0F2704B42F0096EC11 /* AnyWrapper.swift in Sources */,
				C579C38C2705020400A2341D /* ContrivedUsageExample.swift in Sources */,
				C5024A0D2704B37D0096EC11 /* MutableStringWrapper.swift in Sources */,
				C579C38A2704F4B800A2341D /* AnyMutableWrapper.swift in Sources */,
				C50249F12704A99C0096EC11 /* AppDelegate.swift in Sources */,
				C579750E27061561008A0D8A /* AnotherStringWrapper.swift in Sources */,
				C5024A072704AAA70096EC11 /* WrapperProtocol.swift in Sources */,
				C579751127061A4C008A0D8A /* AnotherMutableStringWrapper.swift in Sources */,
			);
			runOnlyForDeploymentPostprocessing = 0;
		};
/* End PBXSourcesBuildPhase section */

/* Begin PBXVariantGroup section */
		C50249FB2704A9A00096EC11 /* LaunchScreen.storyboard */ = {
			isa = PBXVariantGroup;
			children = (
				C50249FC2704A9A00096EC11 /* Base */,
			);
			name = LaunchScreen.storyboard;
			sourceTree = "<group>";
		};
/* End PBXVariantGroup section */

/* Begin XCBuildConfiguration section */
		C50249FF2704A9A00096EC11 /* Debug */ = {
			isa = XCBuildConfiguration;
			buildSettings = {
				ALWAYS_SEARCH_USER_PATHS = NO;
				CLANG_ANALYZER_NONNULL = YES;
				CLANG_ANALYZER_NUMBER_OBJECT_CONVERSION = YES_AGGRESSIVE;
				CLANG_CXX_LANGUAGE_STANDARD = "gnu++17";
				CLANG_CXX_LIBRARY = "libc++";
				CLANG_ENABLE_MODULES = YES;
				CLANG_ENABLE_OBJC_ARC = YES;
				CLANG_ENABLE_OBJC_WEAK = YES;
				CLANG_WARN_BLOCK_CAPTURE_AUTORELEASING = YES;
				CLANG_WARN_BOOL_CONVERSION = YES;
				CLANG_WARN_COMMA = YES;
				CLANG_WARN_CONSTANT_CONVERSION = YES;
				CLANG_WARN_DEPRECATED_OBJC_IMPLEMENTATIONS = YES;
				CLANG_WARN_DIRECT_OBJC_ISA_USAGE = YES_ERROR;
				CLANG_WARN_DOCUMENTATION_COMMENTS = YES;
				CLANG_WARN_EMPTY_BODY = YES;
				CLANG_WARN_ENUM_CONVERSION = YES;
				CLANG_WARN_INFINITE_RECURSION = YES;
				CLANG_WARN_INT_CONVERSION = YES;
				CLANG_WARN_NON_LITERAL_NULL_CONVERSION = YES;
				CLANG_WARN_OBJC_IMPLICIT_RETAIN_SELF = YES;
				CLANG_WARN_OBJC_LITERAL_CONVERSION = YES;
				CLANG_WARN_OBJC_ROOT_CLASS = YES_ERROR;
				CLANG_WARN_QUOTED_INCLUDE_IN_FRAMEWORK_HEADER = YES;
				CLANG_WARN_RANGE_LOOP_ANALYSIS = YES;
				CLANG_WARN_STRICT_PROTOTYPES = YES;
				CLANG_WARN_SUSPICIOUS_MOVE = YES;
				CLANG_WARN_UNGUARDED_AVAILABILITY = YES_AGGRESSIVE;
				CLANG_WARN_UNREACHABLE_CODE = YES;
				CLANG_WARN__DUPLICATE_METHOD_MATCH = YES;
				COPY_PHASE_STRIP = NO;
				DEBUG_INFORMATION_FORMAT = dwarf;
				ENABLE_STRICT_OBJC_MSGSEND = YES;
				ENABLE_TESTABILITY = YES;
				GCC_C_LANGUAGE_STANDARD = gnu11;
				GCC_DYNAMIC_NO_PIC = NO;
				GCC_NO_COMMON_BLOCKS = YES;
				GCC_OPTIMIZATION_LEVEL = 0;
				GCC_PREPROCESSOR_DEFINITIONS = (
					"DEBUG=1",
					"$(inherited)",
				);
				GCC_WARN_64_TO_32_BIT_CONVERSION = YES;
				GCC_WARN_ABOUT_RETURN_TYPE = YES_ERROR;
				GCC_WARN_UNDECLARED_SELECTOR = YES;
				GCC_WARN_UNINITIALIZED_AUTOS = YES_AGGRESSIVE;
				GCC_WARN_UNUSED_FUNCTION = YES;
				GCC_WARN_UNUSED_VARIABLE = YES;
				IPHONEOS_DEPLOYMENT_TARGET = 15.0;
				MTL_ENABLE_DEBUG_INFO = INCLUDE_SOURCE;
				MTL_FAST_MATH = YES;
				ONLY_ACTIVE_ARCH = YES;
				SDKROOT = iphoneos;
				SWIFT_ACTIVE_COMPILATION_CONDITIONS = DEBUG;
				SWIFT_OPTIMIZATION_LEVEL = "-Onone";
			};
			name = Debug;
		};
		C5024A002704A9A00096EC11 /* Release */ = {
			isa = XCBuildConfiguration;
			buildSettings = {
				ALWAYS_SEARCH_USER_PATHS = NO;
				CLANG_ANALYZER_NONNULL = YES;
				CLANG_ANALYZER_NUMBER_OBJECT_CONVERSION = YES_AGGRESSIVE;
				CLANG_CXX_LANGUAGE_STANDARD = "gnu++17";
				CLANG_CXX_LIBRARY = "libc++";
				CLANG_ENABLE_MODULES = YES;
				CLANG_ENABLE_OBJC_ARC = YES;
				CLANG_ENABLE_OBJC_WEAK = YES;
				CLANG_WARN_BLOCK_CAPTURE_AUTORELEASING = YES;
				CLANG_WARN_BOOL_CONVERSION = YES;
				CLANG_WARN_COMMA = YES;
				CLANG_WARN_CONSTANT_CONVERSION = YES;
				CLANG_WARN_DEPRECATED_OBJC_IMPLEMENTATIONS = YES;
				CLANG_WARN_DIRECT_OBJC_ISA_USAGE = YES_ERROR;
				CLANG_WARN_DOCUMENTATION_COMMENTS = YES;
				CLANG_WARN_EMPTY_BODY = YES;
				CLANG_WARN_ENUM_CONVERSION = YES;
				CLANG_WARN_INFINITE_RECURSION = YES;
				CLANG_WARN_INT_CONVERSION = YES;
				CLANG_WARN_NON_LITERAL_NULL_CONVERSION = YES;
				CLANG_WARN_OBJC_IMPLICIT_RETAIN_SELF = YES;
				CLANG_WARN_OBJC_LITERAL_CONVERSION = YES;
				CLANG_WARN_OBJC_ROOT_CLASS = YES_ERROR;
				CLANG_WARN_QUOTED_INCLUDE_IN_FRAMEWORK_HEADER = YES;
				CLANG_WARN_RANGE_LOOP_ANALYSIS = YES;
				CLANG_WARN_STRICT_PROTOTYPES = YES;
				CLANG_WARN_SUSPICIOUS_MOVE = YES;
				CLANG_WARN_UNGUARDED_AVAILABILITY = YES_AGGRESSIVE;
				CLANG_WARN_UNREACHABLE_CODE = YES;
				CLANG_WARN__DUPLICATE_METHOD_MATCH = YES;
				COPY_PHASE_STRIP = NO;
				DEBUG_INFORMATION_FORMAT = "dwarf-with-dsym";
				ENABLE_NS_ASSERTIONS = NO;
				ENABLE_STRICT_OBJC_MSGSEND = YES;
				GCC_C_LANGUAGE_STANDARD = gnu11;
				GCC_NO_COMMON_BLOCKS = YES;
				GCC_WARN_64_TO_32_BIT_CONVERSION = YES;
				GCC_WARN_ABOUT_RETURN_TYPE = YES_ERROR;
				GCC_WARN_UNDECLARED_SELECTOR = YES;
				GCC_WARN_UNINITIALIZED_AUTOS = YES_AGGRESSIVE;
				GCC_WARN_UNUSED_FUNCTION = YES;
				GCC_WARN_UNUSED_VARIABLE = YES;
				IPHONEOS_DEPLOYMENT_TARGET = 15.0;
				MTL_ENABLE_DEBUG_INFO = NO;
				MTL_FAST_MATH = YES;
				SDKROOT = iphoneos;
				SWIFT_COMPILATION_MODE = wholemodule;
				SWIFT_OPTIMIZATION_LEVEL = "-O";
				VALIDATE_PRODUCT = YES;
			};
			name = Release;
		};
		C5024A022704A9A00096EC11 /* Debug */ = {
			isa = XCBuildConfiguration;
			buildSettings = {
				ASSETCATALOG_COMPILER_APPICON_NAME = AppIcon;
				ASSETCATALOG_COMPILER_GLOBAL_ACCENT_COLOR_NAME = AccentColor;
				CODE_SIGN_STYLE = Automatic;
				CURRENT_PROJECT_VERSION = 1;
				DEVELOPMENT_TEAM = TBE8Y93CKS;
				GENERATE_INFOPLIST_FILE = YES;
				INFOPLIST_FILE = Sources/Info.plist;
				INFOPLIST_KEY_UIApplicationSupportsIndirectInputEvents = YES;
				INFOPLIST_KEY_UILaunchStoryboardName = LaunchScreen;
				INFOPLIST_KEY_UISupportedInterfaceOrientations_iPad = "UIInterfaceOrientationPortrait UIInterfaceOrientationPortraitUpsideDown UIInterfaceOrientationLandscapeLeft UIInterfaceOrientationLandscapeRight";
				INFOPLIST_KEY_UISupportedInterfaceOrientations_iPhone = "UIInterfaceOrientationPortrait UIInterfaceOrientationLandscapeLeft UIInterfaceOrientationLandscapeRight";
				LD_RUNPATH_SEARCH_PATHS = (
					"$(inherited)",
					"@executable_path/Frameworks",
				);
				MARKETING_VERSION = 1.0;
				PRODUCT_BUNDLE_IDENTIFIER = com.rocketinsights.TypeErasurePatterns;
				PRODUCT_NAME = "$(TARGET_NAME)";
				SWIFT_EMIT_LOC_STRINGS = YES;
				SWIFT_VERSION = 5.0;
				TARGETED_DEVICE_FAMILY = "1,2";
			};
			name = Debug;
		};
		C5024A032704A9A00096EC11 /* Release */ = {
			isa = XCBuildConfiguration;
			buildSettings = {
				ASSETCATALOG_COMPILER_APPICON_NAME = AppIcon;
				ASSETCATALOG_COMPILER_GLOBAL_ACCENT_COLOR_NAME = AccentColor;
				CODE_SIGN_STYLE = Automatic;
				CURRENT_PROJECT_VERSION = 1;
				DEVELOPMENT_TEAM = TBE8Y93CKS;
				GENERATE_INFOPLIST_FILE = YES;
				INFOPLIST_FILE = Sources/Info.plist;
				INFOPLIST_KEY_UIApplicationSupportsIndirectInputEvents = YES;
				INFOPLIST_KEY_UILaunchStoryboardName = LaunchScreen;
				INFOPLIST_KEY_UISupportedInterfaceOrientations_iPad = "UIInterfaceOrientationPortrait UIInterfaceOrientationPortraitUpsideDown UIInterfaceOrientationLandscapeLeft UIInterfaceOrientationLandscapeRight";
				INFOPLIST_KEY_UISupportedInterfaceOrientations_iPhone = "UIInterfaceOrientationPortrait UIInterfaceOrientationLandscapeLeft UIInterfaceOrientationLandscapeRight";
				LD_RUNPATH_SEARCH_PATHS = (
					"$(inherited)",
					"@executable_path/Frameworks",
				);
				MARKETING_VERSION = 1.0;
				PRODUCT_BUNDLE_IDENTIFIER = com.rocketinsights.TypeErasurePatterns;
				PRODUCT_NAME = "$(TARGET_NAME)";
				SWIFT_EMIT_LOC_STRINGS = YES;
				SWIFT_VERSION = 5.0;
				TARGETED_DEVICE_FAMILY = "1,2";
			};
			name = Release;
		};
/* End XCBuildConfiguration section */

/* Begin XCConfigurationList section */
		C50249E82704A99B0096EC11 /* Build configuration list for PBXProject "TypeErasurePatterns" */ = {
			isa = XCConfigurationList;
			buildConfigurations = (
				C50249FF2704A9A00096EC11 /* Debug */,
				C5024A002704A9A00096EC11 /* Release */,
			);
			defaultConfigurationIsVisible = 0;
			defaultConfigurationName = Release;
		};
		C5024A012704A9A00096EC11 /* Build configuration list for PBXNativeTarget "TypeErasurePatterns" */ = {
			isa = XCConfigurationList;
			buildConfigurations = (
				C5024A022704A9A00096EC11 /* Debug */,
				C5024A032704A9A00096EC11 /* Release */,
			);
			defaultConfigurationIsVisible = 0;
			defaultConfigurationName = Release;
		};
/* End XCConfigurationList section */
	};
	rootObject = C50249E52704A99B0096EC11 /* Project object */;
}
